{
  "object": {
    "pins": [
      {
        "package": "MZAppearance",
        "repositoryURL": "https://github.com/lstomberg/MZAppearance.git",
        "state": {
          "branch": null,
          "revision": "b47471ed78f80bcf47608cb11df6750d08df1e78",
          "version": "1.1.7"
        }
      }
    ]
  },
  "version": 1
}
